
Microsoft Visual Studio Solution File, Format Version 12.00
# Visual Studio Version 17
VisualStudioVersion = 17.1.32328.378
MinimumVisualStudioVersion = 10.0.40219.1
Project("{9A19103F-16F7-4668-BE54-9A1E7A4F7556}") = "MultiPresence", "MultiPresence\MultiPresence.csproj", "{5808ADCC-43B7-4FBE-A5B8-A932FE386A53}"
EndProject
Project("{FAE04EC0-301F-11D3-BF4B-00C04F79EFBC}") = "MultiPresenceGame", "MultiPresenceGame\MultiPresenceGame.csproj", "{08E9BFF7-DEB4-40E2-9C0D-A41405DB200F}"
EndProject
Project("{FAE04EC0-301F-11D3-BF4B-00C04F79EFBC}") = "Updater", "Updater\Updater.csproj", "{51EDDAE4-5AA6-4932-9EE2-5748FEA7F040}"
EndProject
Global
	GlobalSection(SolutionConfigurationPlatforms) = preSolution
		Debug|Any CPU = Debug|Any CPU
		Release|Any CPU = Release|Any CPU
	EndGlobalSection
	GlobalSection(ProjectConfigurationPlatforms) = postSolution
		{5808ADCC-43B7-4FBE-A5B8-A932FE386A53}.Debug|Any CPU.ActiveCfg = Debug|Any CPU
		{5808ADCC-43B7-4FBE-A5B8-A932FE386A53}.Debug|Any CPU.Build.0 = Debug|Any CPU
		{5808ADCC-43B7-4FBE-A5B8-A932FE386A53}.Release|Any CPU.ActiveCfg = Release|Any CPU
		{5808ADCC-43B7-4FBE-A5B8-A932FE386A53}.Release|Any CPU.Build.0 = Release|Any CPU
		{08E9BFF7-DEB4-40E2-9C0D-A41405DB200F}.Debug|Any CPU.ActiveCfg = Debug|Any CPU
		{08E9BFF7-DEB4-40E2-9C0D-A41405DB200F}.Debug|Any CPU.Build.0 = Debug|Any CPU
		{08E9BFF7-DEB4-40E2-9C0D-A41405DB200F}.Release|Any CPU.ActiveCfg = Release|Any CPU
		{08E9BFF7-DEB4-40E2-9C0D-A41405DB200F}.Release|Any CPU.Build.0 = Release|Any CPU
		{51EDDAE4-5AA6-4932-9EE2-5748FEA7F040}.Debug|Any CPU.ActiveCfg = Debug|Any CPU
		{51EDDAE4-5AA6-4932-9EE2-5748FEA7F040}.Debug|Any CPU.Build.0 = Debug|Any CPU
		{51EDDAE4-5AA6-4932-9EE2-5748FEA7F040}.Release|Any CPU.ActiveCfg = Release|Any CPU
		{51EDDAE4-5AA6-4932-9EE2-5748FEA7F040}.Release|Any CPU.Build.0 = Release|Any CPU
	EndGlobalSection
	GlobalSection(SolutionProperties) = preSolution
		HideSolutionNode = FALSE
	EndGlobalSection
	GlobalSection(ExtensibilityGlobals) = postSolution
		SolutionGuid = {4DA89147-9153-4F31-A22B-DDE431A3C49B}
	EndGlobalSection
EndGlobal
